{
  "version": 4,
  "terraform_version": "1.8.5",
  "serial": 4,
  "lineage": "0320fb77-d9a6-ddd4-23f5-a2a5fc0cc7da",
  "outputs": {
    "droplet_public_ip": {
      "value": "167.71.221.229",
      "type": "string"
    }
  },
  "resources": [
    {
      "mode": "managed",
      "type": "digitalocean_droplet",
      "name": "myaipcdemo",
      "provider": "provider[\"registry.terraform.io/digitalocean/digitalocean\"]",
      "instances": [
        {
          "schema_version": 1,
          "attributes": {
            "backups": false,
            "created_at": "2024-06-24T04:31:05Z",
            "disk": 25,
            "droplet_agent": null,
            "graceful_shutdown": false,
            "id": "427911247",
            "image": "ubuntu-20-04-x64",
            "ipv4_address": "167.71.221.229",
            "ipv4_address_private": "10.104.0.3",
            "ipv6": false,
            "ipv6_address": "",
            "locked": false,
            "memory": 1024,
            "monitoring": false,
            "name": "myaipc",
            "price_hourly": 0.00893,
            "price_monthly": 6,
            "private_networking": true,
            "region": "sgp1",
            "resize_disk": true,
            "size": "s-1vcpu-1gb",
            "ssh_keys": [
              "b0:01:dc:b3:a7:1f:2e:51:3a:c4:ce:32:1b:30:f2:70"
            ],
            "status": "active",
            "tags": null,
            "timeouts": null,
            "urn": "do:droplet:427911247",
            "user_data": null,
            "vcpus": 1,
            "volume_ids": [],
            "vpc_uuid": "02d5ee27-c408-4b5d-ba88-6154398ebf2b"
          },
          "sensitive_attributes": [],
          "private": "eyJlMmJmYjczMC1lY2FhLTExZTYtOGY4OC0zNDM2M2JjN2M0YzAiOnsiY3JlYXRlIjozNjAwMDAwMDAwMDAwLCJkZWxldGUiOjYwMDAwMDAwMDAwLCJ1cGRhdGUiOjM2MDAwMDAwMDAwMDB9LCJzY2hlbWFfdmVyc2lvbiI6IjEifQ=="
        }
      ]
    }
  ],
  "check_results": null
}
